PODS:
  - AMapFoundation-NO-IDFA (1.3.2)
  - AMapLocation-NO-IDFA (2.2.0):
    - AMapFoundation-NO-IDFA (~> 1.3)

DEPENDENCIES:
  - AMapLocation-NO-IDFA

SPEC CHECKSUMS:
  AMapFoundation-NO-IDFA: aed72ae41737997d9f8eed7338fd23d22fe63ead
  AMapLocation-NO-IDFA: ae9291264722d8ac1fb4663fc792081ac4659b31

PODFILE CHECKSUM: f3f4d797ce3b67494cf20871db599f29817cf282

COCOAPODS: 1.0.1
